
Microsoft Visual Studio Solution File, Format Version 12.00
# Visual Studio 14
VisualStudioVersion = 14.0.25420.1
MinimumVisualStudioVersion = 10.0.40219.1
Project("{FAE04EC0-301F-11D3-BF4B-00C04F79EFBC}") = "PipelineTest", "PipelineTest\PipelineTest.csproj", "{8C3B8C31-092E-4DCB-8002-852CF4E69610}"
EndProject
Project("{FAE04EC0-301F-11D3-BF4B-00C04F79EFBC}") = "PipelineTest.UnitTests", "PipelineTest.UnitTests\PipelineTest.UnitTests.csproj", "{0462DD6C-3501-4367-A6E5-ADF4FF5011ED}"
EndProject
Global
	GlobalSection(SolutionConfigurationPlatforms) = preSolution
		Debug|Any CPU = Debug|Any CPU
		Release|Any CPU = Release|Any CPU
	EndGlobalSection
	GlobalSection(ProjectConfigurationPlatforms) = postSolution
		{8C3B8C31-092E-4DCB-8002-852CF4E69610}.Debug|Any CPU.ActiveCfg = Debug|Any CPU
		{8C3B8C31-092E-4DCB-8002-852CF4E69610}.Debug|Any CPU.Build.0 = Debug|Any CPU
		{8C3B8C31-092E-4DCB-8002-852CF4E69610}.Release|Any CPU.ActiveCfg = Release|Any CPU
		{8C3B8C31-092E-4DCB-8002-852CF4E69610}.Release|Any CPU.Build.0 = Release|Any CPU
		{0462DD6C-3501-4367-A6E5-ADF4FF5011ED}.Debug|Any CPU.ActiveCfg = Debug|Any CPU
		{0462DD6C-3501-4367-A6E5-ADF4FF5011ED}.Debug|Any CPU.Build.0 = Debug|Any CPU
		{0462DD6C-3501-4367-A6E5-ADF4FF5011ED}.Release|Any CPU.ActiveCfg = Release|Any CPU
		{0462DD6C-3501-4367-A6E5-ADF4FF5011ED}.Release|Any CPU.Build.0 = Release|Any CPU
	EndGlobalSection
	GlobalSection(SolutionProperties) = preSolution
		HideSolutionNode = FALSE
	EndGlobalSection
EndGlobal
